
Microsoft Visual Studio Solution File, Format Version 12.00
# Visual Studio 2012
Project("{2150E333-8FDC-42A3-9474-1A3956D46DE8}") = "TestSample", "TestSample", "{AA404534-0882-4D51-8AA7-B3689BEA7AD1}"
	ProjectSection(SolutionItems) = preProject
		About.cshtml.resx = About.cshtml.resx
		About.cshtml.resx-aggregator = About.cshtml.resx-aggregator
		About.cshtml.zh-CN.resx = About.cshtml.zh-CN.resx
	EndProjectSection
EndProject
Global
	GlobalSection(SolutionProperties) = preSolution
		HideSolutionNode = FALSE
	EndGlobalSection
EndGlobal
